
Microsoft Visual Studio Solution File, Format Version 12.00
# Visual Studio 2012
Project("{D954291E-2A0B-460D-934E-DC6B0785DB48}") = "Swap", "Swap.shproj", "{D1B3A286-7698-4A71-88CD-163A4BCE12D6}"
EndProject
Project("{FAE04EC0-301F-11D3-BF4B-00C04F79EFBC}") = "Swap.iOS", "Swap.iOS\Swap.iOS.csproj", "{9592E8DE-CC40-4369-8BEE-CD8EB140A79F}"
EndProject
Global
	GlobalSection(SolutionConfigurationPlatforms) = preSolution
		Debug|iPhoneSimulator = Debug|iPhoneSimulator
		Release|iPhoneSimulator = Release|iPhoneSimulator
		Debug|iPhone = Debug|iPhone
		Release|iPhone = Release|iPhone
		Ad-Hoc|iPhone = Ad-Hoc|iPhone
		AppStore|iPhone = AppStore|iPhone
	EndGlobalSection
	GlobalSection(ProjectConfigurationPlatforms) = postSolution
		{9592E8DE-CC40-4369-8BEE-CD8EB140A79F}.Ad-Hoc|iPhone.ActiveCfg = Ad-Hoc|iPhone
		{9592E8DE-CC40-4369-8BEE-CD8EB140A79F}.Ad-Hoc|iPhone.Build.0 = Ad-Hoc|iPhone
		{9592E8DE-CC40-4369-8BEE-CD8EB140A79F}.AppStore|iPhone.ActiveCfg = AppStore|iPhone
		{9592E8DE-CC40-4369-8BEE-CD8EB140A79F}.AppStore|iPhone.Build.0 = AppStore|iPhone
		{9592E8DE-CC40-4369-8BEE-CD8EB140A79F}.Debug|iPhone.ActiveCfg = Debug|iPhone
		{9592E8DE-CC40-4369-8BEE-CD8EB140A79F}.Debug|iPhone.Build.0 = Debug|iPhone
		{9592E8DE-CC40-4369-8BEE-CD8EB140A79F}.Debug|iPhoneSimulator.ActiveCfg = Debug|iPhoneSimulator
		{9592E8DE-CC40-4369-8BEE-CD8EB140A79F}.Debug|iPhoneSimulator.Build.0 = Debug|iPhoneSimulator
		{9592E8DE-CC40-4369-8BEE-CD8EB140A79F}.Release|iPhone.ActiveCfg = Release|iPhone
		{9592E8DE-CC40-4369-8BEE-CD8EB140A79F}.Release|iPhone.Build.0 = Release|iPhone
		{9592E8DE-CC40-4369-8BEE-CD8EB140A79F}.Release|iPhoneSimulator.ActiveCfg = Release|iPhoneSimulator
		{9592E8DE-CC40-4369-8BEE-CD8EB140A79F}.Release|iPhoneSimulator.Build.0 = Release|iPhoneSimulator
	EndGlobalSection
EndGlobal
