// !$*UTF8*$!
{
	archiveVersion = 1;
	classes = {
	};
	objectVersion = 46;
	objects = {

/* Begin PBXBuildFile section */
		4E01C62C1ADA25F100AC7775 /* CardCellView.xib in Resources */ = {isa = PBXBuildFile; fileRef = 4E01C62B1ADA25F100AC7775 /* CardCellView.xib */; };
		4E01C62E1ADA273600AC7775 /* CardCellViewController.swift in Sources */ = {isa = PBXBuildFile; fileRef = 4E01C62D1ADA273600AC7775 /* CardCellViewController.swift */; };
		4E01C6301ADA3E9500AC7775 /* NewCardViewController.swift in Sources */ = {isa = PBXBuildFile; fileRef = 4E01C62F1ADA3E9500AC7775 /* NewCardViewController.swift */; };
		4E01C6321ADA3F3E00AC7775 /* NewCardViewController.xib in Resources */ = {isa = PBXBuildFile; fileRef = 4E01C6311ADA3F3E00AC7775 /* NewCardViewController.xib */; };
		4E6394611AD7507E008F949E /* DebugViewController.xib in Resources */ = {isa = PBXBuildFile; fileRef = 4E6394601AD7507E008F949E /* DebugViewController.xib */; };
		4E6394661AD764B6008F949E /* ServerMainViewController.swift in Sources */ = {isa = PBXBuildFile; fileRef = 4E6394651AD764B6008F949E /* ServerMainViewController.swift */; };
		4E6394691AD76593008F949E /* BluetoothMainViewController.swift in Sources */ = {isa = PBXBuildFile; fileRef = 4E6394681AD76593008F949E /* BluetoothMainViewController.swift */; };
		4E63946C1AD76605008F949E /* MainViewController.swift in Sources */ = {isa = PBXBuildFile; fileRef = 4E63946B1AD76605008F949E /* MainViewController.swift */; };
		4E6394731AD76791008F949E /* CentralManagerViewController.swift in Sources */ = {isa = PBXBuildFile; fileRef = 4E63946D1AD76791008F949E /* CentralManagerViewController.swift */; };
		4E6394741AD76791008F949E /* CentralManagerViewController.xib in Resources */ = {isa = PBXBuildFile; fileRef = 4E63946E1AD76791008F949E /* CentralManagerViewController.xib */; };
		4E6394751AD76791008F949E /* BluetoothMainViewController.xib in Resources */ = {isa = PBXBuildFile; fileRef = 4E63946F1AD76791008F949E /* BluetoothMainViewController.xib */; };
		4E6394761AD76791008F949E /* PeripheralViewController.swift in Sources */ = {isa = PBXBuildFile; fileRef = 4E6394701AD76791008F949E /* PeripheralViewController.swift */; };
		4E6394771AD76791008F949E /* PeripheralViewController.xib in Resources */ = {isa = PBXBuildFile; fileRef = 4E6394711AD76791008F949E /* PeripheralViewController.xib */; };
		4E6394781AD76791008F949E /* SERVICES.swift in Sources */ = {isa = PBXBuildFile; fileRef = 4E6394721AD76791008F949E /* SERVICES.swift */; };
		4E63947A1AD76B6A008F949E /* MainViewController.xib in Resources */ = {isa = PBXBuildFile; fileRef = 4E6394791AD76B6A008F949E /* MainViewController.xib */; };
		4E63947C1AD76BDE008F949E /* ServerMainViewController.xib in Resources */ = {isa = PBXBuildFile; fileRef = 4E63947B1AD76BDE008F949E /* ServerMainViewController.xib */; };
		4EDB6EDF1ADDFC940088DD96 /* NewCardEditViewController.swift in Sources */ = {isa = PBXBuildFile; fileRef = 4EDB6EDE1ADDFC940088DD96 /* NewCardEditViewController.swift */; };
		4EDB6EE11ADDFD620088DD96 /* NewCardEditViewController.xib in Resources */ = {isa = PBXBuildFile; fileRef = 4EDB6EE01ADDFD620088DD96 /* NewCardEditViewController.xib */; };
		4EDB6EE41ADE2BC50088DD96 /* SwapUtils.swift in Sources */ = {isa = PBXBuildFile; fileRef = 4EDB6EE31ADE2BC50088DD96 /* SwapUtils.swift */; };
		B6CFC9A41ABAB9B000AD952D /* AppDelegate.swift in Sources */ = {isa = PBXBuildFile; fileRef = B6CFC9A31ABAB9B000AD952D /* AppDelegate.swift */; };
		B6CFC9A61ABAB9B000AD952D /* DebugViewController.swift in Sources */ = {isa = PBXBuildFile; fileRef = B6CFC9A51ABAB9B000AD952D /* DebugViewController.swift */; };
		B6CFC9AB1ABAB9B000AD952D /* Images.xcassets in Resources */ = {isa = PBXBuildFile; fileRef = B6CFC9AA1ABAB9B000AD952D /* Images.xcassets */; };
		B6CFC9AE1ABAB9B000AD952D /* LaunchScreen.xib in Resources */ = {isa = PBXBuildFile; fileRef = B6CFC9AC1ABAB9B000AD952D /* LaunchScreen.xib */; };
		B6CFC9BA1ABAB9B000AD952D /* SwapTests.swift in Sources */ = {isa = PBXBuildFile; fileRef = B6CFC9B91ABAB9B000AD952D /* SwapTests.swift */; };
/* End PBXBuildFile section */

/* Begin PBXContainerItemProxy section */
		B6CFC9B41ABAB9B000AD952D /* PBXContainerItemProxy */ = {
			isa = PBXContainerItemProxy;
			containerPortal = B6CFC9961ABAB9B000AD952D /* Project object */;
			proxyType = 1;
			remoteGlobalIDString = B6CFC99D1ABAB9B000AD952D;
			remoteInfo = Swap;
		};
/* End PBXContainerItemProxy section */

/* Begin PBXFileReference section */
		4E01C62B1ADA25F100AC7775 /* CardCellView.xib */ = {isa = PBXFileReference; fileEncoding = 4; lastKnownFileType = file.xib; path = CardCellView.xib; sourceTree = "<group>"; };
		4E01C62D1ADA273600AC7775 /* CardCellViewController.swift */ = {isa = PBXFileReference; fileEncoding = 4; lastKnownFileType = sourcecode.swift; path = CardCellViewController.swift; sourceTree = "<group>"; };
		4E01C62F1ADA3E9500AC7775 /* NewCardViewController.swift */ = {isa = PBXFileReference; fileEncoding = 4; lastKnownFileType = sourcecode.swift; path = NewCardViewController.swift; sourceTree = "<group>"; };
		4E01C6311ADA3F3E00AC7775 /* NewCardViewController.xib */ = {isa = PBXFileReference; fileEncoding = 4; lastKnownFileType = file.xib; path = NewCardViewController.xib; sourceTree = "<group>"; };
		4E6394601AD7507E008F949E /* DebugViewController.xib */ = {isa = PBXFileReference; fileEncoding = 4; lastKnownFileType = file.xib; path = DebugViewController.xib; sourceTree = "<group>"; };
		4E6394651AD764B6008F949E /* ServerMainViewController.swift */ = {isa = PBXFileReference; fileEncoding = 4; lastKnownFileType = sourcecode.swift; path = ServerMainViewController.swift; sourceTree = "<group>"; };
		4E6394681AD76593008F949E /* BluetoothMainViewController.swift */ = {isa = PBXFileReference; fileEncoding = 4; lastKnownFileType = sourcecode.swift; path = BluetoothMainViewController.swift; sourceTree = "<group>"; };
		4E63946B1AD76605008F949E /* MainViewController.swift */ = {isa = PBXFileReference; fileEncoding = 4; lastKnownFileType = sourcecode.swift; path = MainViewController.swift; sourceTree = "<group>"; };
		4E63946D1AD76791008F949E /* CentralManagerViewController.swift */ = {isa = PBXFileReference; fileEncoding = 4; lastKnownFileType = sourcecode.swift; path = CentralManagerViewController.swift; sourceTree = "<group>"; };
		4E63946E1AD76791008F949E /* CentralManagerViewController.xib */ = {isa = PBXFileReference; fileEncoding = 4; lastKnownFileType = file.xib; path = CentralManagerViewController.xib; sourceTree = "<group>"; };
		4E63946F1AD76791008F949E /* BluetoothMainViewController.xib */ = {isa = PBXFileReference; fileEncoding = 4; lastKnownFileType = file.xib; path = BluetoothMainViewController.xib; sourceTree = "<group>"; };
		4E6394701AD76791008F949E /* PeripheralViewController.swift */ = {isa = PBXFileReference; fileEncoding = 4; lastKnownFileType = sourcecode.swift; path = PeripheralViewController.swift; sourceTree = "<group>"; };
		4E6394711AD76791008F949E /* PeripheralViewController.xib */ = {isa = PBXFileReference; fileEncoding = 4; lastKnownFileType = file.xib; path = PeripheralViewController.xib; sourceTree = "<group>"; };
		4E6394721AD76791008F949E /* SERVICES.swift */ = {isa = PBXFileReference; fileEncoding = 4; lastKnownFileType = sourcecode.swift; path = SERVICES.swift; sourceTree = "<group>"; };
		4E6394791AD76B6A008F949E /* MainViewController.xib */ = {isa = PBXFileReference; fileEncoding = 4; lastKnownFileType = file.xib; path = MainViewController.xib; sourceTree = "<group>"; };
		4E63947B1AD76BDE008F949E /* ServerMainViewController.xib */ = {isa = PBXFileReference; fileEncoding = 4; lastKnownFileType = file.xib; path = ServerMainViewController.xib; sourceTree = "<group>"; };
		4EDB6EDE1ADDFC940088DD96 /* NewCardEditViewController.swift */ = {isa = PBXFileReference; fileEncoding = 4; lastKnownFileType = sourcecode.swift; path = NewCardEditViewController.swift; sourceTree = "<group>"; };
		4EDB6EE01ADDFD620088DD96 /* NewCardEditViewController.xib */ = {isa = PBXFileReference; fileEncoding = 4; lastKnownFileType = file.xib; path = NewCardEditViewController.xib; sourceTree = "<group>"; };
		4EDB6EE31ADE2BC50088DD96 /* SwapUtils.swift */ = {isa = PBXFileReference; fileEncoding = 4; lastKnownFileType = sourcecode.swift; path = SwapUtils.swift; sourceTree = "<group>"; };
		B6CFC99E1ABAB9B000AD952D /* Swap.app */ = {isa = PBXFileReference; explicitFileType = wrapper.application; includeInIndex = 0; path = Swap.app; sourceTree = BUILT_PRODUCTS_DIR; };
		B6CFC9A21ABAB9B000AD952D /* Info.plist */ = {isa = PBXFileReference; lastKnownFileType = text.plist.xml; path = Info.plist; sourceTree = "<group>"; };
		B6CFC9A31ABAB9B000AD952D /* AppDelegate.swift */ = {isa = PBXFileReference; lastKnownFileType = sourcecode.swift; path = AppDelegate.swift; sourceTree = "<group>"; };
		B6CFC9A51ABAB9B000AD952D /* DebugViewController.swift */ = {isa = PBXFileReference; lastKnownFileType = sourcecode.swift; path = DebugViewController.swift; sourceTree = "<group>"; };
		B6CFC9AA1ABAB9B000AD952D /* Images.xcassets */ = {isa = PBXFileReference; lastKnownFileType = folder.assetcatalog; path = Images.xcassets; sourceTree = "<group>"; };
		B6CFC9AD1ABAB9B000AD952D /* Base */ = {isa = PBXFileReference; lastKnownFileType = file.xib; name = Base; path = Base.lproj/LaunchScreen.xib; sourceTree = "<group>"; };
		B6CFC9B31ABAB9B000AD952D /* SwapTests.xctest */ = {isa = PBXFileReference; explicitFileType = wrapper.cfbundle; includeInIndex = 0; path = SwapTests.xctest; sourceTree = BUILT_PRODUCTS_DIR; };
		B6CFC9B81ABAB9B000AD952D /* Info.plist */ = {isa = PBXFileReference; lastKnownFileType = text.plist.xml; path = Info.plist; sourceTree = "<group>"; };
		B6CFC9B91ABAB9B000AD952D /* SwapTests.swift */ = {isa = PBXFileReference; lastKnownFileType = sourcecode.swift; path = SwapTests.swift; sourceTree = "<group>"; };
/* End PBXFileReference section */

/* Begin PBXFrameworksBuildPhase section */
		B6CFC99B1ABAB9B000AD952D /* Frameworks */ = {
			isa = PBXFrameworksBuildPhase;
			buildActionMask = 2147483647;
			files = (
			);
			runOnlyForDeploymentPostprocessing = 0;
		};
		B6CFC9B01ABAB9B000AD952D /* Frameworks */ = {
			isa = PBXFrameworksBuildPhase;
			buildActionMask = 2147483647;
			files = (
			);
			runOnlyForDeploymentPostprocessing = 0;
		};
/* End PBXFrameworksBuildPhase section */

/* Begin PBXGroup section */
		4E6394621AD763ED008F949E /* ServerController */ = {
			isa = PBXGroup;
			children = (
				4E6394651AD764B6008F949E /* ServerMainViewController.swift */,
				4E63947B1AD76BDE008F949E /* ServerMainViewController.xib */,
			);
			path = ServerController;
			sourceTree = "<group>";
		};
		4E6394671AD7650E008F949E /* BluetoothController */ = {
			isa = PBXGroup;
			children = (
				4E6394681AD76593008F949E /* BluetoothMainViewController.swift */,
				4E63946F1AD76791008F949E /* BluetoothMainViewController.xib */,
				4E63946D1AD76791008F949E /* CentralManagerViewController.swift */,
				4E63946E1AD76791008F949E /* CentralManagerViewController.xib */,
				4E6394701AD76791008F949E /* PeripheralViewController.swift */,
				4E6394711AD76791008F949E /* PeripheralViewController.xib */,
				4E6394721AD76791008F949E /* SERVICES.swift */,
			);
			path = BluetoothController;
			sourceTree = "<group>";
		};
		4E63946A1AD765D2008F949E /* UI */ = {
			isa = PBXGroup;
			children = (
				4E63946B1AD76605008F949E /* MainViewController.swift */,
				4E6394791AD76B6A008F949E /* MainViewController.xib */,
				4E01C62D1ADA273600AC7775 /* CardCellViewController.swift */,
				4E01C62B1ADA25F100AC7775 /* CardCellView.xib */,
				4E01C62F1ADA3E9500AC7775 /* NewCardViewController.swift */,
				4E01C6311ADA3F3E00AC7775 /* NewCardViewController.xib */,
				4EDB6EDE1ADDFC940088DD96 /* NewCardEditViewController.swift */,
				4EDB6EE01ADDFD620088DD96 /* NewCardEditViewController.xib */,
			);
			path = UI;
			sourceTree = "<group>";
		};
		4EDB6EE21ADE2B740088DD96 /* Utilities */ = {
			isa = PBXGroup;
			children = (
				4EDB6EE31ADE2BC50088DD96 /* SwapUtils.swift */,
			);
			path = Utilities;
			sourceTree = "<group>";
		};
		B6CFC9951ABAB9B000AD952D = {
			isa = PBXGroup;
			children = (
				B6CFC9A01ABAB9B000AD952D /* Swap */,
				B6CFC9B61ABAB9B000AD952D /* SwapTests */,
				B6CFC99F1ABAB9B000AD952D /* Products */,
			);
			sourceTree = "<group>";
		};
		B6CFC99F1ABAB9B000AD952D /* Products */ = {
			isa = PBXGroup;
			children = (
				B6CFC99E1ABAB9B000AD952D /* Swap.app */,
				B6CFC9B31ABAB9B000AD952D /* SwapTests.xctest */,
			);
			name = Products;
			sourceTree = "<group>";
		};
		B6CFC9A01ABAB9B000AD952D /* Swap */ = {
			isa = PBXGroup;
			children = (
				B6CFC9A31ABAB9B000AD952D /* AppDelegate.swift */,
				B6CFC9A51ABAB9B000AD952D /* DebugViewController.swift */,
				4E6394601AD7507E008F949E /* DebugViewController.xib */,
				4E63946A1AD765D2008F949E /* UI */,
				4E6394621AD763ED008F949E /* ServerController */,
				4E6394671AD7650E008F949E /* BluetoothController */,
				4EDB6EE21ADE2B740088DD96 /* Utilities */,
				B6CFC9AA1ABAB9B000AD952D /* Images.xcassets */,
				B6CFC9AC1ABAB9B000AD952D /* LaunchScreen.xib */,
				B6CFC9A11ABAB9B000AD952D /* Supporting Files */,
			);
			path = Swap;
			sourceTree = "<group>";
		};
		B6CFC9A11ABAB9B000AD952D /* Supporting Files */ = {
			isa = PBXGroup;
			children = (
				B6CFC9A21ABAB9B000AD952D /* Info.plist */,
			);
			name = "Supporting Files";
			sourceTree = "<group>";
		};
		B6CFC9B61ABAB9B000AD952D /* SwapTests */ = {
			isa = PBXGroup;
			children = (
				B6CFC9B91ABAB9B000AD952D /* SwapTests.swift */,
				B6CFC9B71ABAB9B000AD952D /* Supporting Files */,
			);
			path = SwapTests;
			sourceTree = "<group>";
		};
		B6CFC9B71ABAB9B000AD952D /* Supporting Files */ = {
			isa = PBXGroup;
			children = (
				B6CFC9B81ABAB9B000AD952D /* Info.plist */,
			);
			name = "Supporting Files";
			sourceTree = "<group>";
		};
/* End PBXGroup section */

/* Begin PBXNativeTarget section */
		B6CFC99D1ABAB9B000AD952D /* Swap */ = {
			isa = PBXNativeTarget;
			buildConfigurationList = B6CFC9BD1ABAB9B000AD952D /* Build configuration list for PBXNativeTarget "Swap" */;
			buildPhases = (
				B6CFC99A1ABAB9B000AD952D /* Sources */,
				B6CFC99B1ABAB9B000AD952D /* Frameworks */,
				B6CFC99C1ABAB9B000AD952D /* Resources */,
			);
			buildRules = (
			);
			dependencies = (
			);
			name = Swap;
			productName = Swap;
			productReference = B6CFC99E1ABAB9B000AD952D /* Swap.app */;
			productType = "com.apple.product-type.application";
		};
		B6CFC9B21ABAB9B000AD952D /* SwapTests */ = {
			isa = PBXNativeTarget;
			buildConfigurationList = B6CFC9C01ABAB9B000AD952D /* Build configuration list for PBXNativeTarget "SwapTests" */;
			buildPhases = (
				B6CFC9AF1ABAB9B000AD952D /* Sources */,
				B6CFC9B01ABAB9B000AD952D /* Frameworks */,
				B6CFC9B11ABAB9B000AD952D /* Resources */,
			);
			buildRules = (
			);
			dependencies = (
				B6CFC9B51ABAB9B000AD952D /* PBXTargetDependency */,
			);
			name = SwapTests;
			productName = SwapTests;
			productReference = B6CFC9B31ABAB9B000AD952D /* SwapTests.xctest */;
			productType = "com.apple.product-type.bundle.unit-test";
		};
/* End PBXNativeTarget section */

/* Begin PBXProject section */
		B6CFC9961ABAB9B000AD952D /* Project object */ = {
			isa = PBXProject;
			attributes = {
				LastUpgradeCheck = 0620;
				ORGANIZATIONNAME = Swap;
				TargetAttributes = {
					B6CFC99D1ABAB9B000AD952D = {
						CreatedOnToolsVersion = 6.2;
						DevelopmentTeam = QHQUS66VSQ;
					};
					B6CFC9B21ABAB9B000AD952D = {
						CreatedOnToolsVersion = 6.2;
						TestTargetID = B6CFC99D1ABAB9B000AD952D;
					};
				};
			};
			buildConfigurationList = B6CFC9991ABAB9B000AD952D /* Build configuration list for PBXProject "Swap" */;
			compatibilityVersion = "Xcode 3.2";
			developmentRegion = English;
			hasScannedForEncodings = 0;
			knownRegions = (
				en,
				Base,
			);
			mainGroup = B6CFC9951ABAB9B000AD952D;
			productRefGroup = B6CFC99F1ABAB9B000AD952D /* Products */;
			projectDirPath = "";
			projectRoot = "";
			targets = (
				B6CFC99D1ABAB9B000AD952D /* Swap */,
				B6CFC9B21ABAB9B000AD952D /* SwapTests */,
			);
		};
/* End PBXProject section */

/* Begin PBXResourcesBuildPhase section */
		B6CFC99C1ABAB9B000AD952D /* Resources */ = {
			isa = PBXResourcesBuildPhase;
			buildActionMask = 2147483647;
			files = (
				4E63947C1AD76BDE008F949E /* ServerMainViewController.xib in Resources */,
				4E6394741AD76791008F949E /* CentralManagerViewController.xib in Resources */,
				B6CFC9AE1ABAB9B000AD952D /* LaunchScreen.xib in Resources */,
				4E01C6321ADA3F3E00AC7775 /* NewCardViewController.xib in Resources */,
				4E6394771AD76791008F949E /* PeripheralViewController.xib in Resources */,
				4E6394751AD76791008F949E /* BluetoothMainViewController.xib in Resources */,
				4E6394611AD7507E008F949E /* DebugViewController.xib in Resources */,
				4E63947A1AD76B6A008F949E /* MainViewController.xib in Resources */,
				B6CFC9AB1ABAB9B000AD952D /* Images.xcassets in Resources */,
				4E01C62C1ADA25F100AC7775 /* CardCellView.xib in Resources */,
				4EDB6EE11ADDFD620088DD96 /* NewCardEditViewController.xib in Resources */,
			);
			runOnlyForDeploymentPostprocessing = 0;
		};
		B6CFC9B11ABAB9B000AD952D /* Resources */ = {
			isa = PBXResourcesBuildPhase;
			buildActionMask = 2147483647;
			files = (
			);
			runOnlyForDeploymentPostprocessing = 0;
		};
/* End PBXResourcesBuildPhase section */

/* Begin PBXSourcesBuildPhase section */
		B6CFC99A1ABAB9B000AD952D /* Sources */ = {
			isa = PBXSourcesBuildPhase;
			buildActionMask = 2147483647;
			files = (
				4E6394661AD764B6008F949E /* ServerMainViewController.swift in Sources */,
				4EDB6EDF1ADDFC940088DD96 /* NewCardEditViewController.swift in Sources */,
				4E01C6301ADA3E9500AC7775 /* NewCardViewController.swift in Sources */,
				B6CFC9A61ABAB9B000AD952D /* DebugViewController.swift in Sources */,
				4E6394691AD76593008F949E /* BluetoothMainViewController.swift in Sources */,
				4E01C62E1ADA273600AC7775 /* CardCellViewController.swift in Sources */,
				4EDB6EE41ADE2BC50088DD96 /* SwapUtils.swift in Sources */,
				4E6394761AD76791008F949E /* PeripheralViewController.swift in Sources */,
				B6CFC9A41ABAB9B000AD952D /* AppDelegate.swift in Sources */,
				4E6394781AD76791008F949E /* SERVICES.swift in Sources */,
				4E6394731AD76791008F949E /* CentralManagerViewController.swift in Sources */,
				4E63946C1AD76605008F949E /* MainViewController.swift in Sources */,
			);
			runOnlyForDeploymentPostprocessing = 0;
		};
		B6CFC9AF1ABAB9B000AD952D /* Sources */ = {
			isa = PBXSourcesBuildPhase;
			buildActionMask = 2147483647;
			files = (
				B6CFC9BA1ABAB9B000AD952D /* SwapTests.swift in Sources */,
			);
			runOnlyForDeploymentPostprocessing = 0;
		};
/* End PBXSourcesBuildPhase section */

/* Begin PBXTargetDependency section */
		B6CFC9B51ABAB9B000AD952D /* PBXTargetDependency */ = {
			isa = PBXTargetDependency;
			target = B6CFC99D1ABAB9B000AD952D /* Swap */;
			targetProxy = B6CFC9B41ABAB9B000AD952D /* PBXContainerItemProxy */;
		};
/* End PBXTargetDependency section */

/* Begin PBXVariantGroup section */
		B6CFC9AC1ABAB9B000AD952D /* LaunchScreen.xib */ = {
			isa = PBXVariantGroup;
			children = (
				B6CFC9AD1ABAB9B000AD952D /* Base */,
			);
			name = LaunchScreen.xib;
			sourceTree = "<group>";
		};
/* End PBXVariantGroup section */

/* Begin XCBuildConfiguration section */
		B6CFC9BB1ABAB9B000AD952D /* Debug */ = {
			isa = XCBuildConfiguration;
			buildSettings = {
				ALWAYS_SEARCH_USER_PATHS = NO;
				CLANG_CXX_LANGUAGE_STANDARD = "gnu++0x";
				CLANG_CXX_LIBRARY = "libc++";
				CLANG_ENABLE_MODULES = YES;
				CLANG_ENABLE_OBJC_ARC = YES;
				CLANG_WARN_BOOL_CONVERSION = YES;
				CLANG_WARN_CONSTANT_CONVERSION = YES;
				CLANG_WARN_DIRECT_OBJC_ISA_USAGE = YES_ERROR;
				CLANG_WARN_EMPTY_BODY = YES;
				CLANG_WARN_ENUM_CONVERSION = YES;
				CLANG_WARN_INT_CONVERSION = YES;
				CLANG_WARN_OBJC_ROOT_CLASS = YES_ERROR;
				CLANG_WARN_UNREACHABLE_CODE = YES;
				CLANG_WARN__DUPLICATE_METHOD_MATCH = YES;
				"CODE_SIGN_IDENTITY[sdk=iphoneos*]" = "iPhone Developer";
				COPY_PHASE_STRIP = NO;
				ENABLE_STRICT_OBJC_MSGSEND = YES;
				GCC_C_LANGUAGE_STANDARD = gnu99;
				GCC_DYNAMIC_NO_PIC = NO;
				GCC_OPTIMIZATION_LEVEL = 0;
				GCC_PREPROCESSOR_DEFINITIONS = (
					"DEBUG=1",
					"$(inherited)",
				);
				GCC_SYMBOLS_PRIVATE_EXTERN = NO;
				GCC_WARN_64_TO_32_BIT_CONVERSION = YES;
				GCC_WARN_ABOUT_RETURN_TYPE = YES_ERROR;
				GCC_WARN_UNDECLARED_SELECTOR = YES;
				GCC_WARN_UNINITIALIZED_AUTOS = YES_AGGRESSIVE;
				GCC_WARN_UNUSED_FUNCTION = YES;
				GCC_WARN_UNUSED_VARIABLE = YES;
				IPHONEOS_DEPLOYMENT_TARGET = 8.2;
				MTL_ENABLE_DEBUG_INFO = YES;
				ONLY_ACTIVE_ARCH = YES;
				SDKROOT = iphoneos;
				SWIFT_OPTIMIZATION_LEVEL = "-Onone";
				TARGETED_DEVICE_FAMILY = "1,2";
			};
			name = Debug;
		};
		B6CFC9BC1ABAB9B000AD952D /* Release */ = {
			isa = XCBuildConfiguration;
			buildSettings = {
				ALWAYS_SEARCH_USER_PATHS = NO;
				CLANG_CXX_LANGUAGE_STANDARD = "gnu++0x";
				CLANG_CXX_LIBRARY = "libc++";
				CLANG_ENABLE_MODULES = YES;
				CLANG_ENABLE_OBJC_ARC = YES;
				CLANG_WARN_BOOL_CONVERSION = YES;
				CLANG_WARN_CONSTANT_CONVERSION = YES;
				CLANG_WARN_DIRECT_OBJC_ISA_USAGE = YES_ERROR;
				CLANG_WARN_EMPTY_BODY = YES;
				CLANG_WARN_ENUM_CONVERSION = YES;
				CLANG_WARN_INT_CONVERSION = YES;
				CLANG_WARN_OBJC_ROOT_CLASS = YES_ERROR;
				CLANG_WARN_UNREACHABLE_CODE = YES;
				CLANG_WARN__DUPLICATE_METHOD_MATCH = YES;
				"CODE_SIGN_IDENTITY[sdk=iphoneos*]" = "iPhone Developer";
				COPY_PHASE_STRIP = NO;
				ENABLE_NS_ASSERTIONS = NO;
				ENABLE_STRICT_OBJC_MSGSEND = YES;
				GCC_C_LANGUAGE_STANDARD = gnu99;
				GCC_WARN_64_TO_32_BIT_CONVERSION = YES;
				GCC_WARN_ABOUT_RETURN_TYPE = YES_ERROR;
				GCC_WARN_UNDECLARED_SELECTOR = YES;
				GCC_WARN_UNINITIALIZED_AUTOS = YES_AGGRESSIVE;
				GCC_WARN_UNUSED_FUNCTION = YES;
				GCC_WARN_UNUSED_VARIABLE = YES;
				IPHONEOS_DEPLOYMENT_TARGET = 8.2;
				MTL_ENABLE_DEBUG_INFO = NO;
				SDKROOT = iphoneos;
				TARGETED_DEVICE_FAMILY = "1,2";
				VALIDATE_PRODUCT = YES;
			};
			name = Release;
		};
		B6CFC9BE1ABAB9B000AD952D /* Debug */ = {
			isa = XCBuildConfiguration;
			buildSettings = {
				ASSETCATALOG_COMPILER_APPICON_NAME = AppIcon;
				CODE_SIGN_IDENTITY = "iPhone Developer";
				INFOPLIST_FILE = Swap/Info.plist;
				LD_RUNPATH_SEARCH_PATHS = "$(inherited) @executable_path/Frameworks";
				PRODUCT_NAME = "$(TARGET_NAME)";
			};
			name = Debug;
		};
		B6CFC9BF1ABAB9B000AD952D /* Release */ = {
			isa = XCBuildConfiguration;
			buildSettings = {
				ASSETCATALOG_COMPILER_APPICON_NAME = AppIcon;
				CODE_SIGN_IDENTITY = "iPhone Developer";
				INFOPLIST_FILE = Swap/Info.plist;
				LD_RUNPATH_SEARCH_PATHS = "$(inherited) @executable_path/Frameworks";
				PRODUCT_NAME = "$(TARGET_NAME)";
			};
			name = Release;
		};
		B6CFC9C11ABAB9B000AD952D /* Debug */ = {
			isa = XCBuildConfiguration;
			buildSettings = {
				BUNDLE_LOADER = "$(TEST_HOST)";
				FRAMEWORK_SEARCH_PATHS = (
					"$(SDKROOT)/Developer/Library/Frameworks",
					"$(inherited)",
				);
				GCC_PREPROCESSOR_DEFINITIONS = (
					"DEBUG=1",
					"$(inherited)",
				);
				INFOPLIST_FILE = SwapTests/Info.plist;
				LD_RUNPATH_SEARCH_PATHS = "$(inherited) @executable_path/Frameworks @loader_path/Frameworks";
				PRODUCT_NAME = "$(TARGET_NAME)";
				TEST_HOST = "$(BUILT_PRODUCTS_DIR)/Swap.app/Swap";
			};
			name = Debug;
		};
		B6CFC9C21ABAB9B000AD952D /* Release */ = {
			isa = XCBuildConfiguration;
			buildSettings = {
				BUNDLE_LOADER = "$(TEST_HOST)";
				FRAMEWORK_SEARCH_PATHS = (
					"$(SDKROOT)/Developer/Library/Frameworks",
					"$(inherited)",
				);
				INFOPLIST_FILE = SwapTests/Info.plist;
				LD_RUNPATH_SEARCH_PATHS = "$(inherited) @executable_path/Frameworks @loader_path/Frameworks";
				PRODUCT_NAME = "$(TARGET_NAME)";
				TEST_HOST = "$(BUILT_PRODUCTS_DIR)/Swap.app/Swap";
			};
			name = Release;
		};
/* End XCBuildConfiguration section */

/* Begin XCConfigurationList section */
		B6CFC9991ABAB9B000AD952D /* Build configuration list for PBXProject "Swap" */ = {
			isa = XCConfigurationList;
			buildConfigurations = (
				B6CFC9BB1ABAB9B000AD952D /* Debug */,
				B6CFC9BC1ABAB9B000AD952D /* Release */,
			);
			defaultConfigurationIsVisible = 0;
			defaultConfigurationName = Release;
		};
		B6CFC9BD1ABAB9B000AD952D /* Build configuration list for PBXNativeTarget "Swap" */ = {
			isa = XCConfigurationList;
			buildConfigurations = (
				B6CFC9BE1ABAB9B000AD952D /* Debug */,
				B6CFC9BF1ABAB9B000AD952D /* Release */,
			);
			defaultConfigurationIsVisible = 0;
			defaultConfigurationName = Release;
		};
		B6CFC9C01ABAB9B000AD952D /* Build configuration list for PBXNativeTarget "SwapTests" */ = {
			isa = XCConfigurationList;
			buildConfigurations = (
				B6CFC9C11ABAB9B000AD952D /* Debug */,
				B6CFC9C21ABAB9B000AD952D /* Release */,
			);
			defaultConfigurationIsVisible = 0;
			defaultConfigurationName = Release;
		};
/* End XCConfigurationList section */
	};
	rootObject = B6CFC9961ABAB9B000AD952D /* Project object */;
}
