// !$*UTF8*$!
{
	archiveVersion = 1;
	classes = {
	};
	objectVersion = 46;
	objects = {

/* Begin PBXBuildFile section */
		B60488011ABBDEAC005DC96E /* MainViewController.xib in Resources */ = {isa = PBXBuildFile; fileRef = B60488001ABBDEAC005DC96E /* MainViewController.xib */; };
		B60488041ABBE1B4005DC96E /* ModalController.swift in Sources */ = {isa = PBXBuildFile; fileRef = B60488021ABBE1B4005DC96E /* ModalController.swift */; };
		B60488051ABBE1B4005DC96E /* ModalController.xib in Resources */ = {isa = PBXBuildFile; fileRef = B60488031ABBE1B4005DC96E /* ModalController.xib */; };
		B680CB841ABD749300729111 /* CentralManagerViewController.swift in Sources */ = {isa = PBXBuildFile; fileRef = B680CB831ABD749300729111 /* CentralManagerViewController.swift */; };
		B680CB861ABD74AA00729111 /* PeripheralViewController.swift in Sources */ = {isa = PBXBuildFile; fileRef = B680CB851ABD74AA00729111 /* PeripheralViewController.swift */; };
		B680CB881ABD74E300729111 /* CentralManagerViewController.xib in Resources */ = {isa = PBXBuildFile; fileRef = B680CB871ABD74E300729111 /* CentralManagerViewController.xib */; };
		B680CB8A1ABD74F100729111 /* PeripheralViewController.xib in Resources */ = {isa = PBXBuildFile; fileRef = B680CB891ABD74F100729111 /* PeripheralViewController.xib */; };
		B680CB8C1ABE96B300729111 /* SERVICES.swift in Sources */ = {isa = PBXBuildFile; fileRef = B680CB8B1ABE96B300729111 /* SERVICES.swift */; };
		B6CFC9A41ABAB9B000AD952D /* AppDelegate.swift in Sources */ = {isa = PBXBuildFile; fileRef = B6CFC9A31ABAB9B000AD952D /* AppDelegate.swift */; };
		B6CFC9A61ABAB9B000AD952D /* MainViewController.swift in Sources */ = {isa = PBXBuildFile; fileRef = B6CFC9A51ABAB9B000AD952D /* MainViewController.swift */; };
		B6CFC9AB1ABAB9B000AD952D /* Images.xcassets in Resources */ = {isa = PBXBuildFile; fileRef = B6CFC9AA1ABAB9B000AD952D /* Images.xcassets */; };
		B6CFC9AE1ABAB9B000AD952D /* LaunchScreen.xib in Resources */ = {isa = PBXBuildFile; fileRef = B6CFC9AC1ABAB9B000AD952D /* LaunchScreen.xib */; };
		B6CFC9BA1ABAB9B000AD952D /* SwapTests.swift in Sources */ = {isa = PBXBuildFile; fileRef = B6CFC9B91ABAB9B000AD952D /* SwapTests.swift */; };
/* End PBXBuildFile section */

/* Begin PBXContainerItemProxy section */
		B6CFC9B41ABAB9B000AD952D /* PBXContainerItemProxy */ = {
			isa = PBXContainerItemProxy;
			containerPortal = B6CFC9961ABAB9B000AD952D /* Project object */;
			proxyType = 1;
			remoteGlobalIDString = B6CFC99D1ABAB9B000AD952D;
			remoteInfo = Swap;
		};
/* End PBXContainerItemProxy section */

/* Begin PBXFileReference section */
		B60488001ABBDEAC005DC96E /* MainViewController.xib */ = {isa = PBXFileReference; fileEncoding = 4; lastKnownFileType = file.xib; path = MainViewController.xib; sourceTree = "<group>"; };
		B60488021ABBE1B4005DC96E /* ModalController.swift */ = {isa = PBXFileReference; fileEncoding = 4; lastKnownFileType = sourcecode.swift; path = ModalController.swift; sourceTree = "<group>"; };
		B60488031ABBE1B4005DC96E /* ModalController.xib */ = {isa = PBXFileReference; fileEncoding = 4; lastKnownFileType = file.xib; path = ModalController.xib; sourceTree = "<group>"; };
		B680CB831ABD749300729111 /* CentralManagerViewController.swift */ = {isa = PBXFileReference; fileEncoding = 4; lastKnownFileType = sourcecode.swift; path = CentralManagerViewController.swift; sourceTree = "<group>"; };
		B680CB851ABD74AA00729111 /* PeripheralViewController.swift */ = {isa = PBXFileReference; fileEncoding = 4; lastKnownFileType = sourcecode.swift; path = PeripheralViewController.swift; sourceTree = "<group>"; };
		B680CB871ABD74E300729111 /* CentralManagerViewController.xib */ = {isa = PBXFileReference; fileEncoding = 4; lastKnownFileType = file.xib; path = CentralManagerViewController.xib; sourceTree = "<group>"; };
		B680CB891ABD74F100729111 /* PeripheralViewController.xib */ = {isa = PBXFileReference; fileEncoding = 4; lastKnownFileType = file.xib; path = PeripheralViewController.xib; sourceTree = "<group>"; };
		B680CB8B1ABE96B300729111 /* SERVICES.swift */ = {isa = PBXFileReference; fileEncoding = 4; lastKnownFileType = sourcecode.swift; path = SERVICES.swift; sourceTree = "<group>"; };
		B6CFC99E1ABAB9B000AD952D /* Swap.app */ = {isa = PBXFileReference; explicitFileType = wrapper.application; includeInIndex = 0; path = Swap.app; sourceTree = BUILT_PRODUCTS_DIR; };
		B6CFC9A21ABAB9B000AD952D /* Info.plist */ = {isa = PBXFileReference; lastKnownFileType = text.plist.xml; path = Info.plist; sourceTree = "<group>"; };
		B6CFC9A31ABAB9B000AD952D /* AppDelegate.swift */ = {isa = PBXFileReference; lastKnownFileType = sourcecode.swift; path = AppDelegate.swift; sourceTree = "<group>"; };
		B6CFC9A51ABAB9B000AD952D /* MainViewController.swift */ = {isa = PBXFileReference; lastKnownFileType = sourcecode.swift; path = MainViewController.swift; sourceTree = "<group>"; };
		B6CFC9AA1ABAB9B000AD952D /* Images.xcassets */ = {isa = PBXFileReference; lastKnownFileType = folder.assetcatalog; path = Images.xcassets; sourceTree = "<group>"; };
		B6CFC9AD1ABAB9B000AD952D /* Base */ = {isa = PBXFileReference; lastKnownFileType = file.xib; name = Base; path = Base.lproj/LaunchScreen.xib; sourceTree = "<group>"; };
		B6CFC9B31ABAB9B000AD952D /* SwapTests.xctest */ = {isa = PBXFileReference; explicitFileType = wrapper.cfbundle; includeInIndex = 0; path = SwapTests.xctest; sourceTree = BUILT_PRODUCTS_DIR; };
		B6CFC9B81ABAB9B000AD952D /* Info.plist */ = {isa = PBXFileReference; lastKnownFileType = text.plist.xml; path = Info.plist; sourceTree = "<group>"; };
		B6CFC9B91ABAB9B000AD952D /* SwapTests.swift */ = {isa = PBXFileReference; lastKnownFileType = sourcecode.swift; path = SwapTests.swift; sourceTree = "<group>"; };
/* End PBXFileReference section */

/* Begin PBXFrameworksBuildPhase section */
		B6CFC99B1ABAB9B000AD952D /* Frameworks */ = {
			isa = PBXFrameworksBuildPhase;
			buildActionMask = 2147483647;
			files = (
			);
			runOnlyForDeploymentPostprocessing = 0;
		};
		B6CFC9B01ABAB9B000AD952D /* Frameworks */ = {
			isa = PBXFrameworksBuildPhase;
			buildActionMask = 2147483647;
			files = (
			);
			runOnlyForDeploymentPostprocessing = 0;
		};
/* End PBXFrameworksBuildPhase section */

/* Begin PBXGroup section */
		B6CFC9951ABAB9B000AD952D = {
			isa = PBXGroup;
			children = (
				B6CFC9A01ABAB9B000AD952D /* Swap */,
				B6CFC9B61ABAB9B000AD952D /* SwapTests */,
				B6CFC99F1ABAB9B000AD952D /* Products */,
			);
			sourceTree = "<group>";
		};
		B6CFC99F1ABAB9B000AD952D /* Products */ = {
			isa = PBXGroup;
			children = (
				B6CFC99E1ABAB9B000AD952D /* Swap.app */,
				B6CFC9B31ABAB9B000AD952D /* SwapTests.xctest */,
			);
			name = Products;
			sourceTree = "<group>";
		};
		B6CFC9A01ABAB9B000AD952D /* Swap */ = {
			isa = PBXGroup;
			children = (
				B6CFC9AA1ABAB9B000AD952D /* Images.xcassets */,
				B6CFC9A11ABAB9B000AD952D /* Supporting Files */,
				B6CFC9A31ABAB9B000AD952D /* AppDelegate.swift */,
				B680CB8B1ABE96B300729111 /* SERVICES.swift */,
				B60488021ABBE1B4005DC96E /* ModalController.swift */,
				B6CFC9A51ABAB9B000AD952D /* MainViewController.swift */,
				B680CB831ABD749300729111 /* CentralManagerViewController.swift */,
				B680CB851ABD74AA00729111 /* PeripheralViewController.swift */,
				B6CFC9AC1ABAB9B000AD952D /* LaunchScreen.xib */,
				B60488031ABBE1B4005DC96E /* ModalController.xib */,
				B60488001ABBDEAC005DC96E /* MainViewController.xib */,
				B680CB871ABD74E300729111 /* CentralManagerViewController.xib */,
				B680CB891ABD74F100729111 /* PeripheralViewController.xib */,
			);
			path = Swap;
			sourceTree = "<group>";
		};
		B6CFC9A11ABAB9B000AD952D /* Supporting Files */ = {
			isa = PBXGroup;
			children = (
				B6CFC9A21ABAB9B000AD952D /* Info.plist */,
			);
			name = "Supporting Files";
			sourceTree = "<group>";
		};
		B6CFC9B61ABAB9B000AD952D /* SwapTests */ = {
			isa = PBXGroup;
			children = (
				B6CFC9B91ABAB9B000AD952D /* SwapTests.swift */,
				B6CFC9B71ABAB9B000AD952D /* Supporting Files */,
			);
			path = SwapTests;
			sourceTree = "<group>";
		};
		B6CFC9B71ABAB9B000AD952D /* Supporting Files */ = {
			isa = PBXGroup;
			children = (
				B6CFC9B81ABAB9B000AD952D /* Info.plist */,
			);
			name = "Supporting Files";
			sourceTree = "<group>";
		};
/* End PBXGroup section */

/* Begin PBXNativeTarget section */
		B6CFC99D1ABAB9B000AD952D /* Swap */ = {
			isa = PBXNativeTarget;
			buildConfigurationList = B6CFC9BD1ABAB9B000AD952D /* Build configuration list for PBXNativeTarget "Swap" */;
			buildPhases = (
				B6CFC99A1ABAB9B000AD952D /* Sources */,
				B6CFC99B1ABAB9B000AD952D /* Frameworks */,
				B6CFC99C1ABAB9B000AD952D /* Resources */,
			);
			buildRules = (
			);
			dependencies = (
			);
			name = Swap;
			productName = Swap;
			productReference = B6CFC99E1ABAB9B000AD952D /* Swap.app */;
			productType = "com.apple.product-type.application";
		};
		B6CFC9B21ABAB9B000AD952D /* SwapTests */ = {
			isa = PBXNativeTarget;
			buildConfigurationList = B6CFC9C01ABAB9B000AD952D /* Build configuration list for PBXNativeTarget "SwapTests" */;
			buildPhases = (
				B6CFC9AF1ABAB9B000AD952D /* Sources */,
				B6CFC9B01ABAB9B000AD952D /* Frameworks */,
				B6CFC9B11ABAB9B000AD952D /* Resources */,
			);
			buildRules = (
			);
			dependencies = (
				B6CFC9B51ABAB9B000AD952D /* PBXTargetDependency */,
			);
			name = SwapTests;
			productName = SwapTests;
			productReference = B6CFC9B31ABAB9B000AD952D /* SwapTests.xctest */;
			productType = "com.apple.product-type.bundle.unit-test";
		};
/* End PBXNativeTarget section */

/* Begin PBXProject section */
		B6CFC9961ABAB9B000AD952D /* Project object */ = {
			isa = PBXProject;
			attributes = {
				LastUpgradeCheck = 0620;
				ORGANIZATIONNAME = Swap;
				TargetAttributes = {
					B6CFC99D1ABAB9B000AD952D = {
						CreatedOnToolsVersion = 6.2;
					};
					B6CFC9B21ABAB9B000AD952D = {
						CreatedOnToolsVersion = 6.2;
						TestTargetID = B6CFC99D1ABAB9B000AD952D;
					};
				};
			};
			buildConfigurationList = B6CFC9991ABAB9B000AD952D /* Build configuration list for PBXProject "Swap" */;
			compatibilityVersion = "Xcode 3.2";
			developmentRegion = English;
			hasScannedForEncodings = 0;
			knownRegions = (
				en,
				Base,
			);
			mainGroup = B6CFC9951ABAB9B000AD952D;
			productRefGroup = B6CFC99F1ABAB9B000AD952D /* Products */;
			projectDirPath = "";
			projectRoot = "";
			targets = (
				B6CFC99D1ABAB9B000AD952D /* Swap */,
				B6CFC9B21ABAB9B000AD952D /* SwapTests */,
			);
		};
/* End PBXProject section */

/* Begin PBXResourcesBuildPhase section */
		B6CFC99C1ABAB9B000AD952D /* Resources */ = {
			isa = PBXResourcesBuildPhase;
			buildActionMask = 2147483647;
			files = (
				B6CFC9AE1ABAB9B000AD952D /* LaunchScreen.xib in Resources */,
				B60488011ABBDEAC005DC96E /* MainViewController.xib in Resources */,
				B680CB8A1ABD74F100729111 /* PeripheralViewController.xib in Resources */,
				B60488051ABBE1B4005DC96E /* ModalController.xib in Resources */,
				B6CFC9AB1ABAB9B000AD952D /* Images.xcassets in Resources */,
				B680CB881ABD74E300729111 /* CentralManagerViewController.xib in Resources */,
			);
			runOnlyForDeploymentPostprocessing = 0;
		};
		B6CFC9B11ABAB9B000AD952D /* Resources */ = {
			isa = PBXResourcesBuildPhase;
			buildActionMask = 2147483647;
			files = (
			);
			runOnlyForDeploymentPostprocessing = 0;
		};
/* End PBXResourcesBuildPhase section */

/* Begin PBXSourcesBuildPhase section */
		B6CFC99A1ABAB9B000AD952D /* Sources */ = {
			isa = PBXSourcesBuildPhase;
			buildActionMask = 2147483647;
			files = (
				B680CB861ABD74AA00729111 /* PeripheralViewController.swift in Sources */,
				B680CB8C1ABE96B300729111 /* SERVICES.swift in Sources */,
				B680CB841ABD749300729111 /* CentralManagerViewController.swift in Sources */,
				B60488041ABBE1B4005DC96E /* ModalController.swift in Sources */,
				B6CFC9A61ABAB9B000AD952D /* MainViewController.swift in Sources */,
				B6CFC9A41ABAB9B000AD952D /* AppDelegate.swift in Sources */,
			);
			runOnlyForDeploymentPostprocessing = 0;
		};
		B6CFC9AF1ABAB9B000AD952D /* Sources */ = {
			isa = PBXSourcesBuildPhase;
			buildActionMask = 2147483647;
			files = (
				B6CFC9BA1ABAB9B000AD952D /* SwapTests.swift in Sources */,
			);
			runOnlyForDeploymentPostprocessing = 0;
		};
/* End PBXSourcesBuildPhase section */

/* Begin PBXTargetDependency section */
		B6CFC9B51ABAB9B000AD952D /* PBXTargetDependency */ = {
			isa = PBXTargetDependency;
			target = B6CFC99D1ABAB9B000AD952D /* Swap */;
			targetProxy = B6CFC9B41ABAB9B000AD952D /* PBXContainerItemProxy */;
		};
/* End PBXTargetDependency section */

/* Begin PBXVariantGroup section */
		B6CFC9AC1ABAB9B000AD952D /* LaunchScreen.xib */ = {
			isa = PBXVariantGroup;
			children = (
				B6CFC9AD1ABAB9B000AD952D /* Base */,
			);
			name = LaunchScreen.xib;
			sourceTree = "<group>";
		};
/* End PBXVariantGroup section */

/* Begin XCBuildConfiguration section */
		B6CFC9BB1ABAB9B000AD952D /* Debug */ = {
			isa = XCBuildConfiguration;
			buildSettings = {
				ALWAYS_SEARCH_USER_PATHS = NO;
				CLANG_CXX_LANGUAGE_STANDARD = "gnu++0x";
				CLANG_CXX_LIBRARY = "libc++";
				CLANG_ENABLE_MODULES = YES;
				CLANG_ENABLE_OBJC_ARC = YES;
				CLANG_WARN_BOOL_CONVERSION = YES;
				CLANG_WARN_CONSTANT_CONVERSION = YES;
				CLANG_WARN_DIRECT_OBJC_ISA_USAGE = YES_ERROR;
				CLANG_WARN_EMPTY_BODY = YES;
				CLANG_WARN_ENUM_CONVERSION = YES;
				CLANG_WARN_INT_CONVERSION = YES;
				CLANG_WARN_OBJC_ROOT_CLASS = YES_ERROR;
				CLANG_WARN_UNREACHABLE_CODE = YES;
				CLANG_WARN__DUPLICATE_METHOD_MATCH = YES;
				"CODE_SIGN_IDENTITY[sdk=iphoneos*]" = "iPhone Developer";
				COPY_PHASE_STRIP = NO;
				ENABLE_STRICT_OBJC_MSGSEND = YES;
				GCC_C_LANGUAGE_STANDARD = gnu99;
				GCC_DYNAMIC_NO_PIC = NO;
				GCC_OPTIMIZATION_LEVEL = 0;
				GCC_PREPROCESSOR_DEFINITIONS = (
					"DEBUG=1",
					"$(inherited)",
				);
				GCC_SYMBOLS_PRIVATE_EXTERN = NO;
				GCC_WARN_64_TO_32_BIT_CONVERSION = YES;
				GCC_WARN_ABOUT_RETURN_TYPE = YES_ERROR;
				GCC_WARN_UNDECLARED_SELECTOR = YES;
				GCC_WARN_UNINITIALIZED_AUTOS = YES_AGGRESSIVE;
				GCC_WARN_UNUSED_FUNCTION = YES;
				GCC_WARN_UNUSED_VARIABLE = YES;
				IPHONEOS_DEPLOYMENT_TARGET = 8.2;
				MTL_ENABLE_DEBUG_INFO = YES;
				ONLY_ACTIVE_ARCH = YES;
				SDKROOT = iphoneos;
				SWIFT_OPTIMIZATION_LEVEL = "-Onone";
				TARGETED_DEVICE_FAMILY = "1,2";
			};
			name = Debug;
		};
		B6CFC9BC1ABAB9B000AD952D /* Release */ = {
			isa = XCBuildConfiguration;
			buildSettings = {
				ALWAYS_SEARCH_USER_PATHS = NO;
				CLANG_CXX_LANGUAGE_STANDARD = "gnu++0x";
				CLANG_CXX_LIBRARY = "libc++";
				CLANG_ENABLE_MODULES = YES;
				CLANG_ENABLE_OBJC_ARC = YES;
				CLANG_WARN_BOOL_CONVERSION = YES;
				CLANG_WARN_CONSTANT_CONVERSION = YES;
				CLANG_WARN_DIRECT_OBJC_ISA_USAGE = YES_ERROR;
				CLANG_WARN_EMPTY_BODY = YES;
				CLANG_WARN_ENUM_CONVERSION = YES;
				CLANG_WARN_INT_CONVERSION = YES;
				CLANG_WARN_OBJC_ROOT_CLASS = YES_ERROR;
				CLANG_WARN_UNREACHABLE_CODE = YES;
				CLANG_WARN__DUPLICATE_METHOD_MATCH = YES;
				"CODE_SIGN_IDENTITY[sdk=iphoneos*]" = "iPhone Developer";
				COPY_PHASE_STRIP = NO;
				ENABLE_NS_ASSERTIONS = NO;
				ENABLE_STRICT_OBJC_MSGSEND = YES;
				GCC_C_LANGUAGE_STANDARD = gnu99;
				GCC_WARN_64_TO_32_BIT_CONVERSION = YES;
				GCC_WARN_ABOUT_RETURN_TYPE = YES_ERROR;
				GCC_WARN_UNDECLARED_SELECTOR = YES;
				GCC_WARN_UNINITIALIZED_AUTOS = YES_AGGRESSIVE;
				GCC_WARN_UNUSED_FUNCTION = YES;
				GCC_WARN_UNUSED_VARIABLE = YES;
				IPHONEOS_DEPLOYMENT_TARGET = 8.2;
				MTL_ENABLE_DEBUG_INFO = NO;
				SDKROOT = iphoneos;
				TARGETED_DEVICE_FAMILY = "1,2";
				VALIDATE_PRODUCT = YES;
			};
			name = Release;
		};
		B6CFC9BE1ABAB9B000AD952D /* Debug */ = {
			isa = XCBuildConfiguration;
			buildSettings = {
				ASSETCATALOG_COMPILER_APPICON_NAME = AppIcon;
				INFOPLIST_FILE = Swap/Info.plist;
				LD_RUNPATH_SEARCH_PATHS = "$(inherited) @executable_path/Frameworks";
				PRODUCT_NAME = "$(TARGET_NAME)";
			};
			name = Debug;
		};
		B6CFC9BF1ABAB9B000AD952D /* Release */ = {
			isa = XCBuildConfiguration;
			buildSettings = {
				ASSETCATALOG_COMPILER_APPICON_NAME = AppIcon;
				INFOPLIST_FILE = Swap/Info.plist;
				LD_RUNPATH_SEARCH_PATHS = "$(inherited) @executable_path/Frameworks";
				PRODUCT_NAME = "$(TARGET_NAME)";
			};
			name = Release;
		};
		B6CFC9C11ABAB9B000AD952D /* Debug */ = {
			isa = XCBuildConfiguration;
			buildSettings = {
				BUNDLE_LOADER = "$(TEST_HOST)";
				FRAMEWORK_SEARCH_PATHS = (
					"$(SDKROOT)/Developer/Library/Frameworks",
					"$(inherited)",
				);
				GCC_PREPROCESSOR_DEFINITIONS = (
					"DEBUG=1",
					"$(inherited)",
				);
				INFOPLIST_FILE = SwapTests/Info.plist;
				LD_RUNPATH_SEARCH_PATHS = "$(inherited) @executable_path/Frameworks @loader_path/Frameworks";
				PRODUCT_NAME = "$(TARGET_NAME)";
				TEST_HOST = "$(BUILT_PRODUCTS_DIR)/Swap.app/Swap";
			};
			name = Debug;
		};
		B6CFC9C21ABAB9B000AD952D /* Release */ = {
			isa = XCBuildConfiguration;
			buildSettings = {
				BUNDLE_LOADER = "$(TEST_HOST)";
				FRAMEWORK_SEARCH_PATHS = (
					"$(SDKROOT)/Developer/Library/Frameworks",
					"$(inherited)",
				);
				INFOPLIST_FILE = SwapTests/Info.plist;
				LD_RUNPATH_SEARCH_PATHS = "$(inherited) @executable_path/Frameworks @loader_path/Frameworks";
				PRODUCT_NAME = "$(TARGET_NAME)";
				TEST_HOST = "$(BUILT_PRODUCTS_DIR)/Swap.app/Swap";
			};
			name = Release;
		};
/* End XCBuildConfiguration section */

/* Begin XCConfigurationList section */
		B6CFC9991ABAB9B000AD952D /* Build configuration list for PBXProject "Swap" */ = {
			isa = XCConfigurationList;
			buildConfigurations = (
				B6CFC9BB1ABAB9B000AD952D /* Debug */,
				B6CFC9BC1ABAB9B000AD952D /* Release */,
			);
			defaultConfigurationIsVisible = 0;
			defaultConfigurationName = Release;
		};
		B6CFC9BD1ABAB9B000AD952D /* Build configuration list for PBXNativeTarget "Swap" */ = {
			isa = XCConfigurationList;
			buildConfigurations = (
				B6CFC9BE1ABAB9B000AD952D /* Debug */,
				B6CFC9BF1ABAB9B000AD952D /* Release */,
			);
			defaultConfigurationIsVisible = 0;
			defaultConfigurationName = Release;
		};
		B6CFC9C01ABAB9B000AD952D /* Build configuration list for PBXNativeTarget "SwapTests" */ = {
			isa = XCConfigurationList;
			buildConfigurations = (
				B6CFC9C11ABAB9B000AD952D /* Debug */,
				B6CFC9C21ABAB9B000AD952D /* Release */,
			);
			defaultConfigurationIsVisible = 0;
			defaultConfigurationName = Release;
		};
/* End XCConfigurationList section */
	};
	rootObject = B6CFC9961ABAB9B000AD952D /* Project object */;
}
