
Microsoft Visual Studio Solution File, Format Version 12.00
# Visual Studio 2013
VisualStudioVersion = 12.0.30501.0
MinimumVisualStudioVersion = 10.0.40219.1
Project("{FAE04EC0-301F-11D3-BF4B-00C04F79EFBC}") = "Swapissippi", "Swapissippi\Swapissippi.csproj", "{354C645A-9AE5-4037-BBE6-D49ACE72FB04}"
EndProject
Global
	GlobalSection(SolutionConfigurationPlatforms) = preSolution
		Debug|Any CPU = Debug|Any CPU
		Release|Any CPU = Release|Any CPU
	EndGlobalSection
	GlobalSection(ProjectConfigurationPlatforms) = postSolution
		{354C645A-9AE5-4037-BBE6-D49ACE72FB04}.Debug|Any CPU.ActiveCfg = Debug|Any CPU
		{354C645A-9AE5-4037-BBE6-D49ACE72FB04}.Debug|Any CPU.Build.0 = Debug|Any CPU
		{354C645A-9AE5-4037-BBE6-D49ACE72FB04}.Release|Any CPU.ActiveCfg = Release|Any CPU
		{354C645A-9AE5-4037-BBE6-D49ACE72FB04}.Release|Any CPU.Build.0 = Release|Any CPU
	EndGlobalSection
	GlobalSection(SolutionProperties) = preSolution
		HideSolutionNode = FALSE
	EndGlobalSection
EndGlobal
